
Microsoft Visual Studio Solution File, Format Version 12.00
# Visual Studio Version 16
VisualStudioVersion = 16.0.30114.105
MinimumVisualStudioVersion = 10.0.40219.1
Project("{FAE04EC0-301F-11D3-BF4B-00C04F79EFBC}") = "WebAuthorization", "WebAuthorization\WebAuthorization.csproj", "{249669E9-F750-4932-8D10-E15B5BA417D1}"
EndProject
Project("{9A19103F-16F7-4668-BE54-9A1E7A4F7556}") = "ABPAuthorization", "ABPAuthorization\ABPAuthorization.csproj", "{5D74253D-7E2E-465C-B0F8-276CEF0E5E6C}"
EndProject
Global
	GlobalSection(SolutionConfigurationPlatforms) = preSolution
		Debug|Any CPU = Debug|Any CPU
		Release|Any CPU = Release|Any CPU
	EndGlobalSection
	GlobalSection(ProjectConfigurationPlatforms) = postSolution
		{249669E9-F750-4932-8D10-E15B5BA417D1}.Debug|Any CPU.ActiveCfg = Debug|Any CPU
		{249669E9-F750-4932-8D10-E15B5BA417D1}.Debug|Any CPU.Build.0 = Debug|Any CPU
		{249669E9-F750-4932-8D10-E15B5BA417D1}.Release|Any CPU.ActiveCfg = Release|Any CPU
		{249669E9-F750-4932-8D10-E15B5BA417D1}.Release|Any CPU.Build.0 = Release|Any CPU
		{5D74253D-7E2E-465C-B0F8-276CEF0E5E6C}.Debug|Any CPU.ActiveCfg = Debug|Any CPU
		{5D74253D-7E2E-465C-B0F8-276CEF0E5E6C}.Debug|Any CPU.Build.0 = Debug|Any CPU
		{5D74253D-7E2E-465C-B0F8-276CEF0E5E6C}.Release|Any CPU.ActiveCfg = Release|Any CPU
		{5D74253D-7E2E-465C-B0F8-276CEF0E5E6C}.Release|Any CPU.Build.0 = Release|Any CPU
	EndGlobalSection
	GlobalSection(SolutionProperties) = preSolution
		HideSolutionNode = FALSE
	EndGlobalSection
	GlobalSection(ExtensibilityGlobals) = postSolution
		SolutionGuid = {755C13DC-AE77-45DD-9E32-2C62357FB1EF}
	EndGlobalSection
EndGlobal
